
Microsoft Visual Studio Solution File, Format Version 12.00
# Visual Studio 15
VisualStudioVersion = 15.0.28307.2092
MinimumVisualStudioVersion = 10.0.40219.1
Project("{8BC9CEB8-8B4A-11D0-8D11-00A0C91BC942}") = "DiskFilter", "DiskFilter\DiskFilter.vcxproj", "{03905358-4BDD-4229-B0C8-A97B541AC7A5}"
EndProject
Project("{8BC9CEB8-8B4A-11D0-8D11-00A0C91BC942}") = "Test", "Test\Test.vcxproj", "{A7D8E0E2-CEDF-409A-8B5D-43362D3C2B09}"
EndProject
Project("{8BC9CEB8-8B4A-11D0-8D11-00A0C91BC942}") = "DiskfltInst", "DiskfltInst\DiskfltInst.vcxproj", "{9B4589C2-BA0A-40A4-98D4-25DA073144D8}"
EndProject
Project("{8BC9CEB8-8B4A-11D0-8D11-00A0C91BC942}") = "ThawSpace", "ThawSpace\ThawSpace.vcxproj", "{F6674F6F-A7B3-4B82-A328-9F94B7822074}"
EndProject
Global
	GlobalSection(SolutionConfigurationPlatforms) = preSolution
		Debug|ARM = Debug|ARM
		Debug|ARM64 = Debug|ARM64
		Debug|x64 = Debug|x64
		Debug|x86 = Debug|x86
		Release|ARM = Release|ARM
		Release|ARM64 = Release|ARM64
		Release|x64 = Release|x64
		Release|x86 = Release|x86
	EndGlobalSection
	GlobalSection(ProjectConfigurationPlatforms) = postSolution
		{03905358-4BDD-4229-B0C8-A97B541AC7A5}.Debug|ARM.ActiveCfg = Debug|ARM
		{03905358-4BDD-4229-B0C8-A97B541AC7A5}.Debug|ARM.Build.0 = Debug|ARM
		{03905358-4BDD-4229-B0C8-A97B541AC7A5}.Debug|ARM.Deploy.0 = Debug|ARM
		{03905358-4BDD-4229-B0C8-A97B541AC7A5}.Debug|ARM64.ActiveCfg = Debug|ARM64
		{03905358-4BDD-4229-B0C8-A97B541AC7A5}.Debug|ARM64.Build.0 = Debug|ARM64
		{03905358-4BDD-4229-B0C8-A97B541AC7A5}.Debug|ARM64.Deploy.0 = Debug|ARM64
		{03905358-4BDD-4229-B0C8-A97B541AC7A5}.Debug|x64.ActiveCfg = Debug|x64
		{03905358-4BDD-4229-B0C8-A97B541AC7A5}.Debug|x64.Build.0 = Debug|x64
		{03905358-4BDD-4229-B0C8-A97B541AC7A5}.Debug|x64.Deploy.0 = Debug|x64
		{03905358-4BDD-4229-B0C8-A97B541AC7A5}.Debug|x86.ActiveCfg = Debug|Win32
		{03905358-4BDD-4229-B0C8-A97B541AC7A5}.Debug|x86.Build.0 = Debug|Win32
		{03905358-4BDD-4229-B0C8-A97B541AC7A5}.Debug|x86.Deploy.0 = Debug|Win32
		{03905358-4BDD-4229-B0C8-A97B541AC7A5}.Release|ARM.ActiveCfg = Release|ARM
		{03905358-4BDD-4229-B0C8-A97B541AC7A5}.Release|ARM.Build.0 = Release|ARM
		{03905358-4BDD-4229-B0C8-A97B541AC7A5}.Release|ARM.Deploy.0 = Release|ARM
		{03905358-4BDD-4229-B0C8-A97B541AC7A5}.Release|ARM64.ActiveCfg = Release|ARM64
		{03905358-4BDD-4229-B0C8-A97B541AC7A5}.Release|ARM64.Build.0 = Release|ARM64
		{03905358-4BDD-4229-B0C8-A97B541AC7A5}.Release|ARM64.Deploy.0 = Release|ARM64
		{03905358-4BDD-4229-B0C8-A97B541AC7A5}.Release|x64.ActiveCfg = Release|x64
		{03905358-4BDD-4229-B0C8-A97B541AC7A5}.Release|x64.Build.0 = Release|x64
		{03905358-4BDD-4229-B0C8-A97B541AC7A5}.Release|x64.Deploy.0 = Release|x64
		{03905358-4BDD-4229-B0C8-A97B541AC7A5}.Release|x86.ActiveCfg = Release|Win32
		{03905358-4BDD-4229-B0C8-A97B541AC7A5}.Release|x86.Build.0 = Release|Win32
		{03905358-4BDD-4229-B0C8-A97B541AC7A5}.Release|x86.Deploy.0 = Release|Win32
		{A7D8E0E2-CEDF-409A-8B5D-43362D3C2B09}.Debug|ARM.ActiveCfg = Debug|Win32
		{A7D8E0E2-CEDF-409A-8B5D-43362D3C2B09}.Debug|ARM64.ActiveCfg = Debug|Win32
		{A7D8E0E2-CEDF-409A-8B5D-43362D3C2B09}.Debug|x64.ActiveCfg = Debug|x64
		{A7D8E0E2-CEDF-409A-8B5D-43362D3C2B09}.Debug|x64.Build.0 = Debug|x64
		{A7D8E0E2-CEDF-409A-8B5D-43362D3C2B09}.Debug|x86.ActiveCfg = Debug|Win32
		{A7D8E0E2-CEDF-409A-8B5D-43362D3C2B09}.Debug|x86.Build.0 = Debug|Win32
		{A7D8E0E2-CEDF-409A-8B5D-43362D3C2B09}.Release|ARM.ActiveCfg = Release|Win32
		{A7D8E0E2-CEDF-409A-8B5D-43362D3C2B09}.Release|ARM64.ActiveCfg = Release|Win32
		{A7D8E0E2-CEDF-409A-8B5D-43362D3C2B09}.Release|x64.ActiveCfg = Release|x64
		{A7D8E0E2-CEDF-409A-8B5D-43362D3C2B09}.Release|x64.Build.0 = Release|x64
		{A7D8E0E2-CEDF-409A-8B5D-43362D3C2B09}.Release|x86.ActiveCfg = Release|Win32
		{A7D8E0E2-CEDF-409A-8B5D-43362D3C2B09}.Release|x86.Build.0 = Release|Win32
		{9B4589C2-BA0A-40A4-98D4-25DA073144D8}.Debug|ARM.ActiveCfg = Debug|Win32
		{9B4589C2-BA0A-40A4-98D4-25DA073144D8}.Debug|ARM64.ActiveCfg = Debug|Win32
		{9B4589C2-BA0A-40A4-98D4-25DA073144D8}.Debug|x64.ActiveCfg = Debug|x64
		{9B4589C2-BA0A-40A4-98D4-25DA073144D8}.Debug|x64.Build.0 = Debug|x64
		{9B4589C2-BA0A-40A4-98D4-25DA073144D8}.Debug|x86.ActiveCfg = Debug|Win32
		{9B4589C2-BA0A-40A4-98D4-25DA073144D8}.Debug|x86.Build.0 = Debug|Win32
		{9B4589C2-BA0A-40A4-98D4-25DA073144D8}.Release|ARM.ActiveCfg = Release|Win32
		{9B4589C2-BA0A-40A4-98D4-25DA073144D8}.Release|ARM64.ActiveCfg = Release|Win32
		{9B4589C2-BA0A-40A4-98D4-25DA073144D8}.Release|x64.ActiveCfg = Release|x64
		{9B4589C2-BA0A-40A4-98D4-25DA073144D8}.Release|x64.Build.0 = Release|x64
		{9B4589C2-BA0A-40A4-98D4-25DA073144D8}.Release|x86.ActiveCfg = Release|Win32
		{9B4589C2-BA0A-40A4-98D4-25DA073144D8}.Release|x86.Build.0 = Release|Win32
		{F6674F6F-A7B3-4B82-A328-9F94B7822074}.Debug|ARM.ActiveCfg = Debug|ARM
		{F6674F6F-A7B3-4B82-A328-9F94B7822074}.Debug|ARM.Build.0 = Debug|ARM
		{F6674F6F-A7B3-4B82-A328-9F94B7822074}.Debug|ARM.Deploy.0 = Debug|ARM
		{F6674F6F-A7B3-4B82-A328-9F94B7822074}.Debug|ARM64.ActiveCfg = Debug|ARM64
		{F6674F6F-A7B3-4B82-A328-9F94B7822074}.Debug|ARM64.Build.0 = Debug|ARM64
		{F6674F6F-A7B3-4B82-A328-9F94B7822074}.Debug|ARM64.Deploy.0 = Debug|ARM64
		{F6674F6F-A7B3-4B82-A328-9F94B7822074}.Debug|x64.ActiveCfg = Debug|x64
		{F6674F6F-A7B3-4B82-A328-9F94B7822074}.Debug|x64.Build.0 = Debug|x64
		{F6674F6F-A7B3-4B82-A328-9F94B7822074}.Debug|x64.Deploy.0 = Debug|x64
		{F6674F6F-A7B3-4B82-A328-9F94B7822074}.Debug|x86.ActiveCfg = Debug|Win32
		{F6674F6F-A7B3-4B82-A328-9F94B7822074}.Debug|x86.Build.0 = Debug|Win32
		{F6674F6F-A7B3-4B82-A328-9F94B7822074}.Debug|x86.Deploy.0 = Debug|Win32
		{F6674F6F-A7B3-4B82-A328-9F94B7822074}.Release|ARM.ActiveCfg = Release|ARM
		{F6674F6F-A7B3-4B82-A328-9F94B7822074}.Release|ARM.Build.0 = Release|ARM
		{F6674F6F-A7B3-4B82-A328-9F94B7822074}.Release|ARM.Deploy.0 = Release|ARM
		{F6674F6F-A7B3-4B82-A328-9F94B7822074}.Release|ARM64.ActiveCfg = Release|ARM64
		{F6674F6F-A7B3-4B82-A328-9F94B7822074}.Release|ARM64.Build.0 = Release|ARM64
		{F6674F6F-A7B3-4B82-A328-9F94B7822074}.Release|ARM64.Deploy.0 = Release|ARM64
		{F6674F6F-A7B3-4B82-A328-9F94B7822074}.Release|x64.ActiveCfg = Release|x64
		{F6674F6F-A7B3-4B82-A328-9F94B7822074}.Release|x64.Build.0 = Release|x64
		{F6674F6F-A7B3-4B82-A328-9F94B7822074}.Release|x64.Deploy.0 = Release|x64
		{F6674F6F-A7B3-4B82-A328-9F94B7822074}.Release|x86.ActiveCfg = Release|Win32
		{F6674F6F-A7B3-4B82-A328-9F94B7822074}.Release|x86.Build.0 = Release|Win32
		{F6674F6F-A7B3-4B82-A328-9F94B7822074}.Release|x86.Deploy.0 = Release|Win32
	EndGlobalSection
	GlobalSection(SolutionProperties) = preSolution
		HideSolutionNode = FALSE
	EndGlobalSection
	GlobalSection(ExtensibilityGlobals) = postSolution
		SolutionGuid = {86406E76-D68F-48BC-B56B-BB05F1972118}
	EndGlobalSection
EndGlobal
